
Microsoft Visual Studio Solution File, Format Version 12.00
# Visual Studio Version 17
VisualStudioVersion = 17.4.33122.133
MinimumVisualStudioVersion = 10.0.40219.1
Project("{FAE04EC0-301F-11D3-BF4B-00C04F79EFBC}") = "DotNetConsoleAppTutorial", "DotNetConsoleAppTutorial.csproj", "{8DCB6291-C265-44A2-ACB6-A0C7F179439A}"
EndProject
Global
	GlobalSection(SolutionConfigurationPlatforms) = preSolution
		Debug|Any CPU = Debug|Any CPU
		Release|Any CPU = Release|Any CPU
	EndGlobalSection
	GlobalSection(ProjectConfigurationPlatforms) = postSolution
		{8DCB6291-C265-44A2-ACB6-A0C7F179439A}.Debug|Any CPU.ActiveCfg = Debug|Any CPU
		{8DCB6291-C265-44A2-ACB6-A0C7F179439A}.Debug|Any CPU.Build.0 = Debug|Any CPU
		{8DCB6291-C265-44A2-ACB6-A0C7F179439A}.Release|Any CPU.ActiveCfg = Release|Any CPU
		{8DCB6291-C265-44A2-ACB6-A0C7F179439A}.Release|Any CPU.Build.0 = Release|Any CPU
	EndGlobalSection
	GlobalSection(SolutionProperties) = preSolution
		HideSolutionNode = FALSE
	EndGlobalSection
	GlobalSection(ExtensibilityGlobals) = postSolution
		SolutionGuid = {DF38B592-DE85-40DE-9607-EE7469268CE7}
	EndGlobalSection
EndGlobal
